Microsoft Visual Studio Solution File, Format Version 12.00
# Visual Studio Version 17
VisualStudioVersion = 17.0.32014.148
MinimumVisualStudioVersion = 10.0.40219.1
Project("{FAE04EC0-301F-11D3-BF4B-00C04F79EFBC}") = "VisualLab2", "VisualLab2\VisualLab2.csproj", "{6F593590-241A-419B-B0D9-FEEF260FC562}"
EndProject
Global
	GlobalSection(SolutionConfigurationPlatforms) = preSolution
		Debug|Any CPU = Debug|Any CPU
		Release|Any CPU = Release|Any CPU
	EndGlobalSection
	GlobalSection(ProjectConfigurationPlatforms) = postSolution
		{6F593590-241A-419B-B0D9-FEEF260FC562}.Debug|Any CPU.ActiveCfg = Debug|Any CPU
		{6F593590-241A-419B-B0D9-FEEF260FC562}.Debug|Any CPU.Build.0 = Debug|Any CPU
		{6F593590-241A-419B-B0D9-FEEF260FC562}.Release|Any CPU.ActiveCfg = Release|Any CPU
		{6F593590-241A-419B-B0D9-FEEF260FC562}.Release|Any CPU.Build.0 = Release|Any CPU
	EndGlobalSection
	GlobalSection(SolutionProperties) = preSolution
		HideSolutionNode = FALSE
	EndGlobalSection
	GlobalSection(ExtensibilityGlobals) = postSolution
		SolutionGuid = {0A9B804E-AAAA-46E3-A42D-E142C1D39AD2}
	EndGlobalSection
EndGlobal
